
Microsoft Visual Studio Solution File, Format Version 12.00
# Visual Studio Version 17
VisualStudioVersion = 17.0.32014.148
MinimumVisualStudioVersion = 10.0.40219.1
Project("{9A19103F-16F7-4668-BE54-9A1E7A4F7556}") = "PixelFlut", "PixelFlut\PixelFlut.csproj", "{9B00BF95-453F-46F8-A40F-2142A4133F64}"
EndProject
Global
	GlobalSection(SolutionConfigurationPlatforms) = preSolution
		Debug|Any CPU = Debug|Any CPU
		Release|Any CPU = Release|Any CPU
	EndGlobalSection
	GlobalSection(ProjectConfigurationPlatforms) = postSolution
		{9B00BF95-453F-46F8-A40F-2142A4133F64}.Debug|Any CPU.ActiveCfg = Debug|Any CPU
		{9B00BF95-453F-46F8-A40F-2142A4133F64}.Debug|Any CPU.Build.0 = Debug|Any CPU
		{9B00BF95-453F-46F8-A40F-2142A4133F64}.Release|Any CPU.ActiveCfg = Release|Any CPU
		{9B00BF95-453F-46F8-A40F-2142A4133F64}.Release|Any CPU.Build.0 = Release|Any CPU
	EndGlobalSection
	GlobalSection(SolutionProperties) = preSolution
		HideSolutionNode = FALSE
	EndGlobalSection
	GlobalSection(ExtensibilityGlobals) = postSolution
		SolutionGuid = {2EC65312-CCC9-4179-88AF-D55D62834491}
	EndGlobalSection
EndGlobal
